// !$*UTF8*$!
{
	archiveVersion = 1;
	classes = {
	};
	objectVersion = 55;
	objects = {

/* Begin PBXBuildFile section */
		753EBFB12822ED8100C53403 /* AppDelegate.swift in Sources */ = {isa = PBXBuildFile; fileRef = 753EBFB02822ED8100C53403 /* AppDelegate.swift */; };
		753EBFB32822ED8100C53403 /* SceneDelegate.swift in Sources */ = {isa = PBXBuildFile; fileRef = 753EBFB22822ED8100C53403 /* SceneDelegate.swift */; };
		753EBFB52822ED8100C53403 /* LoginViewController.swift in Sources */ = {isa = PBXBuildFile; fileRef = 753EBFB42822ED8100C53403 /* LoginViewController.swift */; };
		753EBFB82822ED8100C53403 /* Main.storyboard in Resources */ = {isa = PBXBuildFile; fileRef = 753EBFB62822ED8100C53403 /* Main.storyboard */; };
		753EBFBA2822ED8200C53403 /* Assets.xcassets in Resources */ = {isa = PBXBuildFile; fileRef = 753EBFB92822ED8200C53403 /* Assets.xcassets */; };
		753EBFBD2822ED8200C53403 /* LaunchScreen.storyboard in Resources */ = {isa = PBXBuildFile; fileRef = 753EBFBB2822ED8200C53403 /* LaunchScreen.storyboard */; };
		753EBFC72823132000C53403 /* UdacityApi.swift in Sources */ = {isa = PBXBuildFile; fileRef = 753EBFC62823132000C53403 /* UdacityApi.swift */; };
		753EBFCF282316CE00C53403 /* UdacityApiTests.swift in Sources */ = {isa = PBXBuildFile; fileRef = 753EBFCE282316CE00C53403 /* UdacityApiTests.swift */; };
		753EBFDB2823235F00C53403 /* SignInResponse.swift in Sources */ = {isa = PBXBuildFile; fileRef = 753EBFDA2823235F00C53403 /* SignInResponse.swift */; };
		753EBFDD282348E200C53403 /* SignInRequest.swift in Sources */ = {isa = PBXBuildFile; fileRef = 753EBFDC282348E200C53403 /* SignInRequest.swift */; };
		753EBFE02823497A00C53403 /* GetEnvVar.swift in Sources */ = {isa = PBXBuildFile; fileRef = 753EBFDF2823497A00C53403 /* GetEnvVar.swift */; };
		753EBFE22824670800C53403 /* MapViewController.swift in Sources */ = {isa = PBXBuildFile; fileRef = 753EBFE12824670800C53403 /* MapViewController.swift */; };
		753EBFE42825E72200C53403 /* StudentLocationResponse.swift in Sources */ = {isa = PBXBuildFile; fileRef = 753EBFE32825E72200C53403 /* StudentLocationResponse.swift */; };
		753EBFE628273DCC00C53403 /* TabBarController.swift in Sources */ = {isa = PBXBuildFile; fileRef = 753EBFE528273DCC00C53403 /* TabBarController.swift */; };
		753EBFE828273F3700C53403 /* TableViewController.swift in Sources */ = {isa = PBXBuildFile; fileRef = 753EBFE728273F3700C53403 /* TableViewController.swift */; };
		753EBFEA282841F100C53403 /* AddStudentLocationViewController.swift in Sources */ = {isa = PBXBuildFile; fileRef = 753EBFE9282841F100C53403 /* AddStudentLocationViewController.swift */; };
		753EBFEF28287BCF00C53403 /* NanoID in Frameworks */ = {isa = PBXBuildFile; productRef = 753EBFEE28287BCF00C53403 /* NanoID */; };
		753EBFF128287E1A00C53403 /* CreateStudentLocationResponse.swift in Sources */ = {isa = PBXBuildFile; fileRef = 753EBFF028287E1A00C53403 /* CreateStudentLocationResponse.swift */; };
		753EBFF428288D4300C53403 /* MKPointAnnotationWithPrivateData.swift in Sources */ = {isa = PBXBuildFile; fileRef = 753EBFF328288D4300C53403 /* MKPointAnnotationWithPrivateData.swift */; };
/* End PBXBuildFile section */

/* Begin PBXContainerItemProxy section */
		753EBFD0282316CE00C53403 /* PBXContainerItemProxy */ = {
			isa = PBXContainerItemProxy;
			containerPortal = 753EBFA52822ED8100C53403 /* Project object */;
			proxyType = 1;
			remoteGlobalIDString = 753EBFAC2822ED8100C53403;
			remoteInfo = OnTheMap;
		};
/* End PBXContainerItemProxy section */

/* Begin PBXFileReference section */
		753EBFAD2822ED8100C53403 /* OnTheMap.app */ = {isa = PBXFileReference; explicitFileType = wrapper.application; includeInIndex = 0; path = OnTheMap.app; sourceTree = BUILT_PRODUCTS_DIR; };
		753EBFB02822ED8100C53403 /* AppDelegate.swift */ = {isa = PBXFileReference; lastKnownFileType = sourcecode.swift; path = AppDelegate.swift; sourceTree = "<group>"; };
		753EBFB22822ED8100C53403 /* SceneDelegate.swift */ = {isa = PBXFileReference; lastKnownFileType = sourcecode.swift; path = SceneDelegate.swift; sourceTree = "<group>"; };
		753EBFB42822ED8100C53403 /* LoginViewController.swift */ = {isa = PBXFileReference; lastKnownFileType = sourcecode.swift; path = LoginViewController.swift; sourceTree = "<group>"; };
		753EBFB72822ED8100C53403 /* Base */ = {isa = PBXFileReference; lastKnownFileType = file.storyboard; name = Base; path = Base.lproj/Main.storyboard; sourceTree = "<group>"; };
		753EBFB92822ED8200C53403 /* Assets.xcassets */ = {isa = PBXFileReference; lastKnownFileType = folder.assetcatalog; path = Assets.xcassets; sourceTree = "<group>"; };
		753EBFBC2822ED8200C53403 /* Base */ = {isa = PBXFileReference; lastKnownFileType = file.storyboard; name = Base; path = Base.lproj/LaunchScreen.storyboard; sourceTree = "<group>"; };
		753EBFBE2822ED8200C53403 /* Info.plist */ = {isa = PBXFileReference; lastKnownFileType = text.plist.xml; path = Info.plist; sourceTree = "<group>"; };
		753EBFC62823132000C53403 /* UdacityApi.swift */ = {isa = PBXFileReference; lastKnownFileType = sourcecode.swift; path = UdacityApi.swift; sourceTree = "<group>"; };
		753EBFCC282316CE00C53403 /* OnTheMapTests.xctest */ = {isa = PBXFileReference; explicitFileType = wrapper.cfbundle; includeInIndex = 0; path = OnTheMapTests.xctest; sourceTree = BUILT_PRODUCTS_DIR; };
		753EBFCE282316CE00C53403 /* UdacityApiTests.swift */ = {isa = PBXFileReference; lastKnownFileType = sourcecode.swift; path = UdacityApiTests.swift; sourceTree = "<group>"; };
		753EBFDA2823235F00C53403 /* SignInResponse.swift */ = {isa = PBXFileReference; lastKnownFileType = sourcecode.swift; path = SignInResponse.swift; sourceTree = "<group>"; };
		753EBFDC282348E200C53403 /* SignInRequest.swift */ = {isa = PBXFileReference; lastKnownFileType = sourcecode.swift; path = SignInRequest.swift; sourceTree = "<group>"; };
		753EBFDF2823497A00C53403 /* GetEnvVar.swift */ = {isa = PBXFileReference; lastKnownFileType = sourcecode.swift; path = GetEnvVar.swift; sourceTree = "<group>"; };
		753EBFE12824670800C53403 /* MapViewController.swift */ = {isa = PBXFileReference; lastKnownFileType = sourcecode.swift; path = MapViewController.swift; sourceTree = "<group>"; };
		753EBFE32825E72200C53403 /* StudentLocationResponse.swift */ = {isa = PBXFileReference; lastKnownFileType = sourcecode.swift; path = StudentLocationResponse.swift; sourceTree = "<group>"; };
		753EBFE528273DCC00C53403 /* TabBarController.swift */ = {isa = PBXFileReference; lastKnownFileType = sourcecode.swift; path = TabBarController.swift; sourceTree = "<group>"; };
		753EBFE728273F3700C53403 /* TableViewController.swift */ = {isa = PBXFileReference; lastKnownFileType = sourcecode.swift; path = TableViewController.swift; sourceTree = "<group>"; };
		753EBFE9282841F100C53403 /* AddStudentLocationViewController.swift */ = {isa = PBXFileReference; lastKnownFileType = sourcecode.swift; path = AddStudentLocationViewController.swift; sourceTree = "<group>"; };
		753EBFF028287E1A00C53403 /* CreateStudentLocationResponse.swift */ = {isa = PBXFileReference; lastKnownFileType = sourcecode.swift; path = CreateStudentLocationResponse.swift; sourceTree = "<group>"; };
		753EBFF328288D4300C53403 /* MKPointAnnotationWithPrivateData.swift */ = {isa = PBXFileReference; lastKnownFileType = sourcecode.swift; path = MKPointAnnotationWithPrivateData.swift; sourceTree = "<group>"; };
/* End PBXFileReference section */

/* Begin PBXFrameworksBuildPhase section */
		753EBFAA2822ED8100C53403 /* Frameworks */ = {
			isa = PBXFrameworksBuildPhase;
			buildActionMask = 2147483647;
			files = (
				753EBFEF28287BCF00C53403 /* NanoID in Frameworks */,
			);
			runOnlyForDeploymentPostprocessing = 0;
		};
		753EBFC9282316CE00C53403 /* Frameworks */ = {
			isa = PBXFrameworksBuildPhase;
			buildActionMask = 2147483647;
			files = (
			);
			runOnlyForDeploymentPostprocessing = 0;
		};
/* End PBXFrameworksBuildPhase section */

/* Begin PBXGroup section */
		753EBFA42822ED8100C53403 = {
			isa = PBXGroup;
			children = (
				753EBFAF2822ED8100C53403 /* OnTheMap */,
				753EBFCD282316CE00C53403 /* OnTheMapTests */,
				753EBFAE2822ED8100C53403 /* Products */,
			);
			sourceTree = "<group>";
		};
		753EBFAE2822ED8100C53403 /* Products */ = {
			isa = PBXGroup;
			children = (
				753EBFAD2822ED8100C53403 /* OnTheMap.app */,
				753EBFCC282316CE00C53403 /* OnTheMapTests.xctest */,
			);
			name = Products;
			sourceTree = "<group>";
		};
		753EBFAF2822ED8100C53403 /* OnTheMap */ = {
			isa = PBXGroup;
			children = (
				753EBFF228288CFE00C53403 /* Extensions */,
				753EBFDE2823496400C53403 /* Util */,
				753EBFD92823233400C53403 /* Models */,
				753EBFC5282312D700C53403 /* Services */,
				753EBFB02822ED8100C53403 /* AppDelegate.swift */,
				753EBFB22822ED8100C53403 /* SceneDelegate.swift */,
				753EBFC42822F11F00C53403 /* Controllers */,
				753EBFB62822ED8100C53403 /* Main.storyboard */,
				753EBFB92822ED8200C53403 /* Assets.xcassets */,
				753EBFBB2822ED8200C53403 /* LaunchScreen.storyboard */,
				753EBFBE2822ED8200C53403 /* Info.plist */,
			);
			path = OnTheMap;
			sourceTree = "<group>";
		};
		753EBFC42822F11F00C53403 /* Controllers */ = {
			isa = PBXGroup;
			children = (
				753EBFB42822ED8100C53403 /* LoginViewController.swift */,
				753EBFE12824670800C53403 /* MapViewController.swift */,
				753EBFE528273DCC00C53403 /* TabBarController.swift */,
				753EBFE728273F3700C53403 /* TableViewController.swift */,
				753EBFE9282841F100C53403 /* AddStudentLocationViewController.swift */,
			);
			path = Controllers;
			sourceTree = "<group>";
		};
		753EBFC5282312D700C53403 /* Services */ = {
			isa = PBXGroup;
			children = (
				753EBFC62823132000C53403 /* UdacityApi.swift */,
			);
			path = Services;
			sourceTree = "<group>";
		};
		753EBFCD282316CE00C53403 /* OnTheMapTests */ = {
			isa = PBXGroup;
			children = (
				753EBFD52823207100C53403 /* Services */,
			);
			path = OnTheMapTests;
			sourceTree = "<group>";
		};
		753EBFD52823207100C53403 /* Services */ = {
			isa = PBXGroup;
			children = (
				753EBFCE282316CE00C53403 /* UdacityApiTests.swift */,
			);
			path = Services;
			sourceTree = "<group>";
		};
		753EBFD92823233400C53403 /* Models */ = {
			isa = PBXGroup;
			children = (
				753EBFDA2823235F00C53403 /* SignInResponse.swift */,
				753EBFDC282348E200C53403 /* SignInRequest.swift */,
				753EBFE32825E72200C53403 /* StudentLocationResponse.swift */,
				753EBFF028287E1A00C53403 /* CreateStudentLocationResponse.swift */,
			);
			path = Models;
			sourceTree = "<group>";
		};
		753EBFDE2823496400C53403 /* Util */ = {
			isa = PBXGroup;
			children = (
				753EBFDF2823497A00C53403 /* GetEnvVar.swift */,
			);
			path = Util;
			sourceTree = "<group>";
		};
		753EBFF228288CFE00C53403 /* Extensions */ = {
			isa = PBXGroup;
			children = (
				753EBFF328288D4300C53403 /* MKPointAnnotationWithPrivateData.swift */,
			);
			path = Extensions;
			sourceTree = "<group>";
		};
/* End PBXGroup section */

/* Begin PBXNativeTarget section */
		753EBFAC2822ED8100C53403 /* OnTheMap */ = {
			isa = PBXNativeTarget;
			buildConfigurationList = 753EBFC12822ED8200C53403 /* Build configuration list for PBXNativeTarget "OnTheMap" */;
			buildPhases = (
				753EBFA92822ED8100C53403 /* Sources */,
				753EBFAA2822ED8100C53403 /* Frameworks */,
				753EBFAB2822ED8100C53403 /* Resources */,
			);
			buildRules = (
			);
			dependencies = (
			);
			name = OnTheMap;
			packageProductDependencies = (
				753EBFEE28287BCF00C53403 /* NanoID */,
			);
			productName = OnTheMap;
			productReference = 753EBFAD2822ED8100C53403 /* OnTheMap.app */;
			productType = "com.apple.product-type.application";
		};
		753EBFCB282316CE00C53403 /* OnTheMapTests */ = {
			isa = PBXNativeTarget;
			buildConfigurationList = 753EBFD2282316CE00C53403 /* Build configuration list for PBXNativeTarget "OnTheMapTests" */;
			buildPhases = (
				753EBFC8282316CE00C53403 /* Sources */,
				753EBFC9282316CE00C53403 /* Frameworks */,
				753EBFCA282316CE00C53403 /* Resources */,
			);
			buildRules = (
			);
			dependencies = (
				753EBFD1282316CE00C53403 /* PBXTargetDependency */,
			);
			name = OnTheMapTests;
			productName = OnTheMapTests;
			productReference = 753EBFCC282316CE00C53403 /* OnTheMapTests.xctest */;
			productType = "com.apple.product-type.bundle.unit-test";
		};
/* End PBXNativeTarget section */

/* Begin PBXProject section */
		753EBFA52822ED8100C53403 /* Project object */ = {
			isa = PBXProject;
			attributes = {
				BuildIndependentTargetsInParallel = 1;
				LastSwiftUpdateCheck = 1330;
				LastUpgradeCheck = 1330;
				TargetAttributes = {
					753EBFAC2822ED8100C53403 = {
						CreatedOnToolsVersion = 13.3.1;
					};
					753EBFCB282316CE00C53403 = {
						CreatedOnToolsVersion = 13.3.1;
						TestTargetID = 753EBFAC2822ED8100C53403;
					};
				};
			};
			buildConfigurationList = 753EBFA82822ED8100C53403 /* Build configuration list for PBXProject "OnTheMap" */;
			compatibilityVersion = "Xcode 13.0";
			developmentRegion = en;
			hasScannedForEncodings = 0;
			knownRegions = (
				en,
				Base,
			);
			mainGroup = 753EBFA42822ED8100C53403;
			packageReferences = (
				753EBFED28287BCF00C53403 /* XCRemoteSwiftPackageReference "NanoID" */,
			);
			productRefGroup = 753EBFAE2822ED8100C53403 /* Products */;
			projectDirPath = "";
			projectRoot = "";
			targets = (
				753EBFAC2822ED8100C53403 /* OnTheMap */,
				753EBFCB282316CE00C53403 /* OnTheMapTests */,
			);
		};
/* End PBXProject section */

/* Begin PBXResourcesBuildPhase section */
		753EBFAB2822ED8100C53403 /* Resources */ = {
			isa = PBXResourcesBuildPhase;
			buildActionMask = 2147483647;
			files = (
				753EBFBD2822ED8200C53403 /* LaunchScreen.storyboard in Resources */,
				753EBFBA2822ED8200C53403 /* Assets.xcassets in Resources */,
				753EBFB82822ED8100C53403 /* Main.storyboard in Resources */,
			);
			runOnlyForDeploymentPostprocessing = 0;
		};
		753EBFCA282316CE00C53403 /* Resources */ = {
			isa = PBXResourcesBuildPhase;
			buildActionMask = 2147483647;
			files = (
			);
			runOnlyForDeploymentPostprocessing = 0;
		};
/* End PBXResourcesBuildPhase section */

/* Begin PBXSourcesBuildPhase section */
		753EBFA92822ED8100C53403 /* Sources */ = {
			isa = PBXSourcesBuildPhase;
			buildActionMask = 2147483647;
			files = (
				753EBFE02823497A00C53403 /* GetEnvVar.swift in Sources */,
				753EBFF428288D4300C53403 /* MKPointAnnotationWithPrivateData.swift in Sources */,
				753EBFEA282841F100C53403 /* AddStudentLocationViewController.swift in Sources */,
				753EBFC72823132000C53403 /* UdacityApi.swift in Sources */,
				753EBFDD282348E200C53403 /* SignInRequest.swift in Sources */,
				753EBFE628273DCC00C53403 /* TabBarController.swift in Sources */,
				753EBFE828273F3700C53403 /* TableViewController.swift in Sources */,
				753EBFDB2823235F00C53403 /* SignInResponse.swift in Sources */,
				753EBFB52822ED8100C53403 /* LoginViewController.swift in Sources */,
				753EBFB12822ED8100C53403 /* AppDelegate.swift in Sources */,
				753EBFB32822ED8100C53403 /* SceneDelegate.swift in Sources */,
				753EBFE42825E72200C53403 /* StudentLocationResponse.swift in Sources */,
				753EBFE22824670800C53403 /* MapViewController.swift in Sources */,
				753EBFF128287E1A00C53403 /* CreateStudentLocationResponse.swift in Sources */,
			);
			runOnlyForDeploymentPostprocessing = 0;
		};
		753EBFC8282316CE00C53403 /* Sources */ = {
			isa = PBXSourcesBuildPhase;
			buildActionMask = 2147483647;
			files = (
				753EBFCF282316CE00C53403 /* UdacityApiTests.swift in Sources */,
			);
			runOnlyForDeploymentPostprocessing = 0;
		};
/* End PBXSourcesBuildPhase section */

/* Begin PBXTargetDependency section */
		753EBFD1282316CE00C53403 /* PBXTargetDependency */ = {
			isa = PBXTargetDependency;
			target = 753EBFAC2822ED8100C53403 /* OnTheMap */;
			targetProxy = 753EBFD0282316CE00C53403 /* PBXContainerItemProxy */;
		};
/* End PBXTargetDependency section */

/* Begin PBXVariantGroup section */
		753EBFB62822ED8100C53403 /* Main.storyboard */ = {
			isa = PBXVariantGroup;
			children = (
				753EBFB72822ED8100C53403 /* Base */,
			);
			name = Main.storyboard;
			sourceTree = "<group>";
		};
		753EBFBB2822ED8200C53403 /* LaunchScreen.storyboard */ = {
			isa = PBXVariantGroup;
			children = (
				753EBFBC2822ED8200C53403 /* Base */,
			);
			name = LaunchScreen.storyboard;
			sourceTree = "<group>";
		};
/* End PBXVariantGroup section */

/* Begin XCBuildConfiguration section */
		753EBFBF2822ED8200C53403 /* Debug */ = {
			isa = XCBuildConfiguration;
			buildSettings = {
				ALWAYS_SEARCH_USER_PATHS = NO;
				CLANG_ANALYZER_NONNULL = YES;
				CLANG_ANALYZER_NUMBER_OBJECT_CONVERSION = YES_AGGRESSIVE;
				CLANG_CXX_LANGUAGE_STANDARD = "gnu++17";
				CLANG_ENABLE_MODULES = YES;
				CLANG_ENABLE_OBJC_ARC = YES;
				CLANG_ENABLE_OBJC_WEAK = YES;
				CLANG_WARN_BLOCK_CAPTURE_AUTORELEASING = YES;
				CLANG_WARN_BOOL_CONVERSION = YES;
				CLANG_WARN_COMMA = YES;
				CLANG_WARN_CONSTANT_CONVERSION = YES;
				CLANG_WARN_DEPRECATED_OBJC_IMPLEMENTATIONS = YES;
				CLANG_WARN_DIRECT_OBJC_ISA_USAGE = YES_ERROR;
				CLANG_WARN_DOCUMENTATION_COMMENTS = YES;
				CLANG_WARN_EMPTY_BODY = YES;
				CLANG_WARN_ENUM_CONVERSION = YES;
				CLANG_WARN_INFINITE_RECURSION = YES;
				CLANG_WARN_INT_CONVERSION = YES;
				CLANG_WARN_NON_LITERAL_NULL_CONVERSION = YES;
				CLANG_WARN_OBJC_IMPLICIT_RETAIN_SELF = YES;
				CLANG_WARN_OBJC_LITERAL_CONVERSION = YES;
				CLANG_WARN_OBJC_ROOT_CLASS = YES_ERROR;
				CLANG_WARN_QUOTED_INCLUDE_IN_FRAMEWORK_HEADER = YES;
				CLANG_WARN_RANGE_LOOP_ANALYSIS = YES;
				CLANG_WARN_STRICT_PROTOTYPES = YES;
				CLANG_WARN_SUSPICIOUS_MOVE = YES;
				CLANG_WARN_UNGUARDED_AVAILABILITY = YES_AGGRESSIVE;
				CLANG_WARN_UNREACHABLE_CODE = YES;
				CLANG_WARN__DUPLICATE_METHOD_MATCH = YES;
				COPY_PHASE_STRIP = NO;
				DEBUG_INFORMATION_FORMAT = dwarf;
				ENABLE_STRICT_OBJC_MSGSEND = YES;
				ENABLE_TESTABILITY = YES;
				GCC_C_LANGUAGE_STANDARD = gnu11;
				GCC_DYNAMIC_NO_PIC = NO;
				GCC_NO_COMMON_BLOCKS = YES;
				GCC_OPTIMIZATION_LEVEL = 0;
				GCC_PREPROCESSOR_DEFINITIONS = (
					"DEBUG=1",
					"$(inherited)",
				);
				GCC_WARN_64_TO_32_BIT_CONVERSION = YES;
				GCC_WARN_ABOUT_RETURN_TYPE = YES_ERROR;
				GCC_WARN_UNDECLARED_SELECTOR = YES;
				GCC_WARN_UNINITIALIZED_AUTOS = YES_AGGRESSIVE;
				GCC_WARN_UNUSED_FUNCTION = YES;
				GCC_WARN_UNUSED_VARIABLE = YES;
				IPHONEOS_DEPLOYMENT_TARGET = 15.4;
				MTL_ENABLE_DEBUG_INFO = INCLUDE_SOURCE;
				MTL_FAST_MATH = YES;
				ONLY_ACTIVE_ARCH = YES;
				SDKROOT = iphoneos;
				SWIFT_ACTIVE_COMPILATION_CONDITIONS = DEBUG;
				SWIFT_OPTIMIZATION_LEVEL = "-Onone";
			};
			name = Debug;
		};
		753EBFC02822ED8200C53403 /* Release */ = {
			isa = XCBuildConfiguration;
			buildSettings = {
				ALWAYS_SEARCH_USER_PATHS = NO;
				CLANG_ANALYZER_NONNULL = YES;
				CLANG_ANALYZER_NUMBER_OBJECT_CONVERSION = YES_AGGRESSIVE;
				CLANG_CXX_LANGUAGE_STANDARD = "gnu++17";
				CLANG_ENABLE_MODULES = YES;
				CLANG_ENABLE_OBJC_ARC = YES;
				CLANG_ENABLE_OBJC_WEAK = YES;
				CLANG_WARN_BLOCK_CAPTURE_AUTORELEASING = YES;
				CLANG_WARN_BOOL_CONVERSION = YES;
				CLANG_WARN_COMMA = YES;
				CLANG_WARN_CONSTANT_CONVERSION = YES;
				CLANG_WARN_DEPRECATED_OBJC_IMPLEMENTATIONS = YES;
				CLANG_WARN_DIRECT_OBJC_ISA_USAGE = YES_ERROR;
				CLANG_WARN_DOCUMENTATION_COMMENTS = YES;
				CLANG_WARN_EMPTY_BODY = YES;
				CLANG_WARN_ENUM_CONVERSION = YES;
				CLANG_WARN_INFINITE_RECURSION = YES;
				CLANG_WARN_INT_CONVERSION = YES;
				CLANG_WARN_NON_LITERAL_NULL_CONVERSION = YES;
				CLANG_WARN_OBJC_IMPLICIT_RETAIN_SELF = YES;
				CLANG_WARN_OBJC_LITERAL_CONVERSION = YES;
				CLANG_WARN_OBJC_ROOT_CLASS = YES_ERROR;
				CLANG_WARN_QUOTED_INCLUDE_IN_FRAMEWORK_HEADER = YES;
				CLANG_WARN_RANGE_LOOP_ANALYSIS = YES;
				CLANG_WARN_STRICT_PROTOTYPES = YES;
				CLANG_WARN_SUSPICIOUS_MOVE = YES;
				CLANG_WARN_UNGUARDED_AVAILABILITY = YES_AGGRESSIVE;
				CLANG_WARN_UNREACHABLE_CODE = YES;
				CLANG_WARN__DUPLICATE_METHOD_MATCH = YES;
				COPY_PHASE_STRIP = NO;
				DEBUG_INFORMATION_FORMAT = "dwarf-with-dsym";
				ENABLE_NS_ASSERTIONS = NO;
				ENABLE_STRICT_OBJC_MSGSEND = YES;
				GCC_C_LANGUAGE_STANDARD = gnu11;
				GCC_NO_COMMON_BLOCKS = YES;
				GCC_WARN_64_TO_32_BIT_CONVERSION = YES;
				GCC_WARN_ABOUT_RETURN_TYPE = YES_ERROR;
				GCC_WARN_UNDECLARED_SELECTOR = YES;
				GCC_WARN_UNINITIALIZED_AUTOS = YES_AGGRESSIVE;
				GCC_WARN_UNUSED_FUNCTION = YES;
				GCC_WARN_UNUSED_VARIABLE = YES;
				IPHONEOS_DEPLOYMENT_TARGET = 15.4;
				MTL_ENABLE_DEBUG_INFO = NO;
				MTL_FAST_MATH = YES;
				SDKROOT = iphoneos;
				SWIFT_COMPILATION_MODE = wholemodule;
				SWIFT_OPTIMIZATION_LEVEL = "-O";
				VALIDATE_PRODUCT = YES;
			};
			name = Release;
		};
		753EBFC22822ED8200C53403 /* Debug */ = {
			isa = XCBuildConfiguration;
			buildSettings = {
				ASSETCATALOG_COMPILER_APPICON_NAME = AppIcon;
				ASSETCATALOG_COMPILER_GLOBAL_ACCENT_COLOR_NAME = AccentColor;
				CODE_SIGN_STYLE = Automatic;
				CURRENT_PROJECT_VERSION = 1;
				DEVELOPMENT_TEAM = YR8962GX96;
				GENERATE_INFOPLIST_FILE = YES;
				INFOPLIST_FILE = OnTheMap/Info.plist;
				INFOPLIST_KEY_UIApplicationSupportsIndirectInputEvents = YES;
				INFOPLIST_KEY_UILaunchStoryboardName = LaunchScreen;
				INFOPLIST_KEY_UIMainStoryboardFile = Main;
				INFOPLIST_KEY_UISupportedInterfaceOrientations_iPad = "UIInterfaceOrientationPortrait UIInterfaceOrientationPortraitUpsideDown UIInterfaceOrientationLandscapeLeft UIInterfaceOrientationLandscapeRight";
				INFOPLIST_KEY_UISupportedInterfaceOrientations_iPhone = "UIInterfaceOrientationPortrait UIInterfaceOrientationLandscapeLeft UIInterfaceOrientationLandscapeRight";
				LD_RUNPATH_SEARCH_PATHS = (
					"$(inherited)",
					"@executable_path/Frameworks",
				);
				MARKETING_VERSION = 1.0;
				PRODUCT_BUNDLE_IDENTIFIER = com.joelstevick.OnTheMap;
				PRODUCT_NAME = "$(TARGET_NAME)";
				SWIFT_EMIT_LOC_STRINGS = YES;
				SWIFT_VERSION = 5.0;
				TARGETED_DEVICE_FAMILY = "1,2";
			};
			name = Debug;
		};
		753EBFC32822ED8200C53403 /* Release */ = {
			isa = XCBuildConfiguration;
			buildSettings = {
				ASSETCATALOG_COMPILER_APPICON_NAME = AppIcon;
				ASSETCATALOG_COMPILER_GLOBAL_ACCENT_COLOR_NAME = AccentColor;
				CODE_SIGN_STYLE = Automatic;
				CURRENT_PROJECT_VERSION = 1;
				DEVELOPMENT_TEAM = YR8962GX96;
				GENERATE_INFOPLIST_FILE = YES;
				INFOPLIST_FILE = OnTheMap/Info.plist;
				INFOPLIST_KEY_UIApplicationSupportsIndirectInputEvents = YES;
				INFOPLIST_KEY_UILaunchStoryboardName = LaunchScreen;
				INFOPLIST_KEY_UIMainStoryboardFile = Main;
				INFOPLIST_KEY_UISupportedInterfaceOrientations_iPad = "UIInterfaceOrientationPortrait UIInterfaceOrientationPortraitUpsideDown UIInterfaceOrientationLandscapeLeft UIInterfaceOrientationLandscapeRight";
				INFOPLIST_KEY_UISupportedInterfaceOrientations_iPhone = "UIInterfaceOrientationPortrait UIInterfaceOrientationLandscapeLeft UIInterfaceOrientationLandscapeRight";
				LD_RUNPATH_SEARCH_PATHS = (
					"$(inherited)",
					"@executable_path/Frameworks",
				);
				MARKETING_VERSION = 1.0;
				PRODUCT_BUNDLE_IDENTIFIER = com.joelstevick.OnTheMap;
				PRODUCT_NAME = "$(TARGET_NAME)";
				SWIFT_EMIT_LOC_STRINGS = YES;
				SWIFT_VERSION = 5.0;
				TARGETED_DEVICE_FAMILY = "1,2";
			};
			name = Release;
		};
		753EBFD3282316CE00C53403 /* Debug */ = {
			isa = XCBuildConfiguration;
			buildSettings = {
				BUNDLE_LOADER = "$(TEST_HOST)";
				CODE_SIGN_STYLE = Automatic;
				CURRENT_PROJECT_VERSION = 1;
				DEVELOPMENT_TEAM = YR8962GX96;
				GENERATE_INFOPLIST_FILE = YES;
				MARKETING_VERSION = 1.0;
				PRODUCT_BUNDLE_IDENTIFIER = com.joelstevick.OnTheMapTests;
				PRODUCT_NAME = "$(TARGET_NAME)";
				SWIFT_EMIT_LOC_STRINGS = NO;
				SWIFT_VERSION = 5.0;
				TARGETED_DEVICE_FAMILY = "1,2";
				TEST_HOST = "$(BUILT_PRODUCTS_DIR)/OnTheMap.app/OnTheMap";
			};
			name = Debug;
		};
		753EBFD4282316CE00C53403 /* Release */ = {
			isa = XCBuildConfiguration;
			buildSettings = {
				BUNDLE_LOADER = "$(TEST_HOST)";
				CODE_SIGN_STYLE = Automatic;
				CURRENT_PROJECT_VERSION = 1;
				DEVELOPMENT_TEAM = YR8962GX96;
				GENERATE_INFOPLIST_FILE = YES;
				MARKETING_VERSION = 1.0;
				PRODUCT_BUNDLE_IDENTIFIER = com.joelstevick.OnTheMapTests;
				PRODUCT_NAME = "$(TARGET_NAME)";
				SWIFT_EMIT_LOC_STRINGS = NO;
				SWIFT_VERSION = 5.0;
				TARGETED_DEVICE_FAMILY = "1,2";
				TEST_HOST = "$(BUILT_PRODUCTS_DIR)/OnTheMap.app/OnTheMap";
			};
			name = Release;
		};
/* End XCBuildConfiguration section */

/* Begin XCConfigurationList section */
		753EBFA82822ED8100C53403 /* Build configuration list for PBXProject "OnTheMap" */ = {
			isa = XCConfigurationList;
			buildConfigurations = (
				753EBFBF2822ED8200C53403 /* Debug */,
				753EBFC02822ED8200C53403 /* Release */,
			);
			defaultConfigurationIsVisible = 0;
			defaultConfigurationName = Release;
		};
		753EBFC12822ED8200C53403 /* Build configuration list for PBXNativeTarget "OnTheMap" */ = {
			isa = XCConfigurationList;
			buildConfigurations = (
				753EBFC22822ED8200C53403 /* Debug */,
				753EBFC32822ED8200C53403 /* Release */,
			);
			defaultConfigurationIsVisible = 0;
			defaultConfigurationName = Release;
		};
		753EBFD2282316CE00C53403 /* Build configuration list for PBXNativeTarget "OnTheMapTests" */ = {
			isa = XCConfigurationList;
			buildConfigurations = (
				753EBFD3282316CE00C53403 /* Debug */,
				753EBFD4282316CE00C53403 /* Release */,
			);
			defaultConfigurationIsVisible = 0;
			defaultConfigurationName = Release;
		};
/* End XCConfigurationList section */

/* Begin XCRemoteSwiftPackageReference section */
		753EBFED28287BCF00C53403 /* XCRemoteSwiftPackageReference "NanoID" */ = {
			isa = XCRemoteSwiftPackageReference;
			repositoryURL = "https://github.com/ellliott/NanoID";
			requirement = {
				branch = master;
				kind = branch;
			};
		};
/* End XCRemoteSwiftPackageReference section */

/* Begin XCSwiftPackageProductDependency section */
		753EBFEE28287BCF00C53403 /* NanoID */ = {
			isa = XCSwiftPackageProductDependency;
			package = 753EBFED28287BCF00C53403 /* XCRemoteSwiftPackageReference "NanoID" */;
			productName = NanoID;
		};
/* End XCSwiftPackageProductDependency section */
	};
	rootObject = 753EBFA52822ED8100C53403 /* Project object */;
}
